
Microsoft Visual Studio Solution File, Format Version 12.00
# Visual Studio Version 17
VisualStudioVersion = 17.6.33815.320
MinimumVisualStudioVersion = 10.0.40219.1
Project("{FAE04EC0-301F-11D3-BF4B-00C04F79EFBC}") = "SixB.CarValeting.Web", "SixB.CarValeting.Web\SixB.CarValeting.Web.csproj", "{4E57D5B2-E33F-4869-9CC6-9CBEC72CE0E7}"
EndProject
Global
	GlobalSection(SolutionConfigurationPlatforms) = preSolution
		Debug|Any CPU = Debug|Any CPU
		Release|Any CPU = Release|Any CPU
	EndGlobalSection
	GlobalSection(ProjectConfigurationPlatforms) = postSolution
		{4E57D5B2-E33F-4869-9CC6-9CBEC72CE0E7}.Debug|Any CPU.ActiveCfg = Debug|Any CPU
		{4E57D5B2-E33F-4869-9CC6-9CBEC72CE0E7}.Debug|Any CPU.Build.0 = Debug|Any CPU
		{4E57D5B2-E33F-4869-9CC6-9CBEC72CE0E7}.Release|Any CPU.ActiveCfg = Release|Any CPU
		{4E57D5B2-E33F-4869-9CC6-9CBEC72CE0E7}.Release|Any CPU.Build.0 = Release|Any CPU
	EndGlobalSection
	GlobalSection(SolutionProperties) = preSolution
		HideSolutionNode = FALSE
	EndGlobalSection
	GlobalSection(ExtensibilityGlobals) = postSolution
		SolutionGuid = {E35506EB-E251-435E-958E-8573D873BDE7}
	EndGlobalSection
EndGlobal
